
Microsoft Visual Studio Solution File, Format Version 12.00
# Visual Studio Version 16
VisualStudioVersion = 16.0.32413.511
MinimumVisualStudioVersion = 10.0.40219.1
Project("{FAE04EC0-301F-11D3-BF4B-00C04F79EFBC}") = "Actividad6", "Actividad6\Actividad6.csproj", "{B7819FED-9D02-4E37-A580-D9AB6B94AE1C}"
EndProject
Global
	GlobalSection(SolutionConfigurationPlatforms) = preSolution
		Debug|Any CPU = Debug|Any CPU
		Release|Any CPU = Release|Any CPU
	EndGlobalSection
	GlobalSection(ProjectConfigurationPlatforms) = postSolution
		{B7819FED-9D02-4E37-A580-D9AB6B94AE1C}.Debug|Any CPU.ActiveCfg = Debug|Any CPU
		{B7819FED-9D02-4E37-A580-D9AB6B94AE1C}.Debug|Any CPU.Build.0 = Debug|Any CPU
		{B7819FED-9D02-4E37-A580-D9AB6B94AE1C}.Release|Any CPU.ActiveCfg = Release|Any CPU
		{B7819FED-9D02-4E37-A580-D9AB6B94AE1C}.Release|Any CPU.Build.0 = Release|Any CPU
	EndGlobalSection
	GlobalSection(SolutionProperties) = preSolution
		HideSolutionNode = FALSE
	EndGlobalSection
	GlobalSection(ExtensibilityGlobals) = postSolution
		SolutionGuid = {99C52D76-D3D8-4CA6-84EE-B3FAA7B193DF}
	EndGlobalSection
EndGlobal
